
Microsoft Visual Studio Solution File, Format Version 12.00
# Visual Studio Version 17
VisualStudioVersion = 17.14.36301.6 d17.14
MinimumVisualStudioVersion = 10.0.40219.1
Project("{8BC9CEB8-8B4A-11D0-8D11-00A0C91BC942}") = "game1", "game1.vcxproj", "{DC8A96AC-FB31-4506-AE17-055389FBFFC5}"
EndProject
Global
	GlobalSection(SolutionConfigurationPlatforms) = preSolution
		Debug|x64 = Debug|x64
		Develop|x64 = Develop|x64
		Release|x64 = Release|x64
	EndGlobalSection
	GlobalSection(ProjectConfigurationPlatforms) = postSolution
		{DC8A96AC-FB31-4506-AE17-055389FBFFC5}.Debug|x64.ActiveCfg = Debug|x64
		{DC8A96AC-FB31-4506-AE17-055389FBFFC5}.Debug|x64.Build.0 = Debug|x64
		{DC8A96AC-FB31-4506-AE17-055389FBFFC5}.Develop|x64.ActiveCfg = Develop|x64
		{DC8A96AC-FB31-4506-AE17-055389FBFFC5}.Develop|x64.Build.0 = Develop|x64
		{DC8A96AC-FB31-4506-AE17-055389FBFFC5}.Release|x64.ActiveCfg = Release|x64
		{DC8A96AC-FB31-4506-AE17-055389FBFFC5}.Release|x64.Build.0 = Release|x64
	EndGlobalSection
	GlobalSection(SolutionProperties) = preSolution
		HideSolutionNode = FALSE
	EndGlobalSection
	GlobalSection(ExtensibilityGlobals) = postSolution
		SolutionGuid = {150E7D00-3CD4-4170-ABCE-0BB59B36141C}
	EndGlobalSection
EndGlobal
